
Microsoft Visual Studio Solution File, Format Version 12.00
# Visual Studio Version 17
VisualStudioVersion = 17.3.32811.315
MinimumVisualStudioVersion = 10.0.40219.1
Project("{FAE04EC0-301F-11D3-BF4B-00C04F79EFBC}") = "ConsoleApp4", "ConsoleApp4\ConsoleApp4.csproj", "{5B4EE927-3886-4B5E-8EEC-B286A0FE4350}"
EndProject
Global
	GlobalSection(SolutionConfigurationPlatforms) = preSolution
		Debug|Any CPU = Debug|Any CPU
		Release|Any CPU = Release|Any CPU
	EndGlobalSection
	GlobalSection(ProjectConfigurationPlatforms) = postSolution
		{5B4EE927-3886-4B5E-8EEC-B286A0FE4350}.Debug|Any CPU.ActiveCfg = Debug|Any CPU
		{5B4EE927-3886-4B5E-8EEC-B286A0FE4350}.Debug|Any CPU.Build.0 = Debug|Any CPU
		{5B4EE927-3886-4B5E-8EEC-B286A0FE4350}.Release|Any CPU.ActiveCfg = Release|Any CPU
		{5B4EE927-3886-4B5E-8EEC-B286A0FE4350}.Release|Any CPU.Build.0 = Release|Any CPU
	EndGlobalSection
	GlobalSection(SolutionProperties) = preSolution
		HideSolutionNode = FALSE
	EndGlobalSection
	GlobalSection(ExtensibilityGlobals) = postSolution
		SolutionGuid = {92E5F524-5708-44FE-A6D0-D21E091AA0D4}
	EndGlobalSection
EndGlobal
